
Microsoft Visual Studio Solution File, Format Version 12.00
# Visual Studio Version 17
VisualStudioVersion = 17.14.36408.4 d17.14
MinimumVisualStudioVersion = 10.0.40219.1
Project("{FAE04EC0-301F-11D3-BF4B-00C04F79EFBC}") = "BugTracker", "BugTracker.csproj", "{64ED00B1-8CAF-492A-8270-13308F30B181}"
EndProject
Global
	GlobalSection(SolutionConfigurationPlatforms) = preSolution
		Debug|Any CPU = Debug|Any CPU
		Release|Any CPU = Release|Any CPU
	EndGlobalSection
	GlobalSection(ProjectConfigurationPlatforms) = postSolution
		{64ED00B1-8CAF-492A-8270-13308F30B181}.Debug|Any CPU.ActiveCfg = Debug|Any CPU
		{64ED00B1-8CAF-492A-8270-13308F30B181}.Debug|Any CPU.Build.0 = Debug|Any CPU
		{64ED00B1-8CAF-492A-8270-13308F30B181}.Release|Any CPU.ActiveCfg = Release|Any CPU
		{64ED00B1-8CAF-492A-8270-13308F30B181}.Release|Any CPU.Build.0 = Release|Any CPU
	EndGlobalSection
	GlobalSection(SolutionProperties) = preSolution
		HideSolutionNode = FALSE
	EndGlobalSection
	GlobalSection(ExtensibilityGlobals) = postSolution
		SolutionGuid = {85348005-E4E6-4B20-A32A-DE999100BD52}
	EndGlobalSection
EndGlobal
